Microsoft Visual Studio Solution File, Format Version 11.00
# Visual Studio 2008

Project("{E1DC63C7-8140-4864-83C1-F66E9E166916}") = "The-Size-Of-You", "Assembly-CSharp.csproj", "{CDDBC01E-BFF8-8C39-EDCE-EBF1225643C7}"
EndProject
Global
	GlobalSection(SolutionConfigurationPlatforms) = preSolution
		Debug|Any CPU = Debug|Any CPU
		Release|Any CPU = Release|Any CPU
	EndGlobalSection
	GlobalSection(ProjectConfigurationPlatforms) = postSolution
		{CDDBC01E-BFF8-8C39-EDCE-EBF1225643C7}.Debug|Any CPU.ActiveCfg = Debug|Any CPU
		{CDDBC01E-BFF8-8C39-EDCE-EBF1225643C7}.Debug|Any CPU.Build.0 = Debug|Any CPU
		{CDDBC01E-BFF8-8C39-EDCE-EBF1225643C7}.Release|Any CPU.ActiveCfg = Release|Any CPU
		{CDDBC01E-BFF8-8C39-EDCE-EBF1225643C7}.Release|Any CPU.Build.0 = Release|Any CPU
	EndGlobalSection
	GlobalSection(SolutionProperties) = preSolution
		HideSolutionNode = FALSE
	EndGlobalSection
	GlobalSection(MonoDevelopProperties) = preSolution
		StartupItem = Assembly-CSharp.csproj
	EndGlobalSection
EndGlobal
